
Microsoft Visual Studio Solution File, Format Version 12.00
# Visual Studio 14
VisualStudioVersion = 14.0.25420.1
MinimumVisualStudioVersion = 10.0.40219.1
Project("{FAE04EC0-301F-11D3-BF4B-00C04F79EFBC}") = "TracriteDemo", "TracriteDemo\TracriteDemo\TracriteDemo.csproj", "{CBAB0E3E-8DED-4C7A-924F-F7A9FA89AF2C}"
EndProject
Project("{FAE04EC0-301F-11D3-BF4B-00C04F79EFBC}") = "TracriteDemo.Droid", "TracriteDemo\TracriteDemo.Droid\TracriteDemo.Droid.csproj", "{B70D9668-1854-4A3F-8DA5-B4BA60812DC2}"
EndProject
Project("{FAE04EC0-301F-11D3-BF4B-00C04F79EFBC}") = "TracriteDemo.iOS", "TracriteDemo\TracriteDemo.iOS\TracriteDemo.iOS.csproj", "{C6A493CE-6A44-4FA0-A069-31EEAA131609}"
EndProject
Project("{FAE04EC0-301F-11D3-BF4B-00C04F79EFBC}") = "TracriteDemo.WinPhone", "TracriteDemo\TracriteDemo.WinPhone\TracriteDemo.WinPhone.csproj", "{078E01AB-1DC2-4BC5-A75C-CDA58404213F}"
EndProject
Project("{FAE04EC0-301F-11D3-BF4B-00C04F79EFBC}") = "TracriteDemo.UWP", "TracriteDemo\TracriteDemo.UWP\TracriteDemo.UWP.csproj", "{BCA51E88-97B6-47B8-BFEB-644F1546E208}"
EndProject
Project("{FAE04EC0-301F-11D3-BF4B-00C04F79EFBC}") = "TracriteDemo.Windows", "TracriteDemo\TracriteDemo.Windows\TracriteDemo.Windows.csproj", "{37125EE8-62C5-49AE-8003-712782E18345}"
EndProject
Global
	GlobalSection(SolutionConfigurationPlatforms) = preSolution
		Ad-Hoc|Any CPU = Ad-Hoc|Any CPU
		Ad-Hoc|ARM = Ad-Hoc|ARM
		Ad-Hoc|iPhone = Ad-Hoc|iPhone
		Ad-Hoc|iPhoneSimulator = Ad-Hoc|iPhoneSimulator
		Ad-Hoc|x64 = Ad-Hoc|x64
		Ad-Hoc|x86 = Ad-Hoc|x86
		AppStore|Any CPU = AppStore|Any CPU
		AppStore|ARM = AppStore|ARM
		AppStore|iPhone = AppStore|iPhone
		AppStore|iPhoneSimulator = AppStore|iPhoneSimulator
		AppStore|x64 = AppStore|x64
		AppStore|x86 = AppStore|x86
		Debug|Any CPU = Debug|Any CPU
		Debug|ARM = Debug|ARM
		Debug|iPhone = Debug|iPhone
		Debug|iPhoneSimulator = Debug|iPhoneSimulator
		Debug|x64 = Debug|x64
		Debug|x86 = Debug|x86
		Release|Any CPU = Release|Any CPU
		Release|ARM = Release|ARM
		Release|iPhone = Release|iPhone
		Release|iPhoneSimulator = Release|iPhoneSimulator
		Release|x64 = Release|x64
		Release|x86 = Release|x86
	EndGlobalSection
	GlobalSection(ProjectConfigurationPlatforms) = postSolution
		{CBAB0E3E-8DED-4C7A-924F-F7A9FA89AF2C}.Ad-Hoc|Any CPU.ActiveCfg = Release|Any CPU
		{CBAB0E3E-8DED-4C7A-924F-F7A9FA89AF2C}.Ad-Hoc|Any CPU.Build.0 = Release|Any CPU
		{CBAB0E3E-8DED-4C7A-924F-F7A9FA89AF2C}.Ad-Hoc|ARM.ActiveCfg = Release|Any CPU
		{CBAB0E3E-8DED-4C7A-924F-F7A9FA89AF2C}.Ad-Hoc|ARM.Build.0 = Release|Any CPU
		{CBAB0E3E-8DED-4C7A-924F-F7A9FA89AF2C}.Ad-Hoc|iPhone.ActiveCfg = Release|Any CPU
		{CBAB0E3E-8DED-4C7A-924F-F7A9FA89AF2C}.Ad-Hoc|iPhone.Build.0 = Release|Any CPU
		{CBAB0E3E-8DED-4C7A-924F-F7A9FA89AF2C}.Ad-Hoc|iPhoneSimulator.ActiveCfg = Release|Any CPU
		{CBAB0E3E-8DED-4C7A-924F-F7A9FA89AF2C}.Ad-Hoc|iPhoneSimulator.Build.0 = Release|Any CPU
		{CBAB0E3E-8DED-4C7A-924F-F7A9FA89AF2C}.Ad-Hoc|x64.ActiveCfg = Release|Any CPU
		{CBAB0E3E-8DED-4C7A-924F-F7A9FA89AF2C}.Ad-Hoc|x64.Build.0 = Release|Any CPU
		{CBAB0E3E-8DED-4C7A-924F-F7A9FA89AF2C}.Ad-Hoc|x86.ActiveCfg = Release|Any CPU
		{CBAB0E3E-8DED-4C7A-924F-F7A9FA89AF2C}.Ad-Hoc|x86.Build.0 = Release|Any CPU
		{CBAB0E3E-8DED-4C7A-924F-F7A9FA89AF2C}.AppStore|Any CPU.ActiveCfg = Release|Any CPU
		{CBAB0E3E-8DED-4C7A-924F-F7A9FA89AF2C}.AppStore|Any CPU.Build.0 = Release|Any CPU
		{CBAB0E3E-8DED-4C7A-924F-F7A9FA89AF2C}.AppStore|ARM.ActiveCfg = Release|Any CPU
		{CBAB0E3E-8DED-4C7A-924F-F7A9FA89AF2C}.AppStore|ARM.Build.0 = Release|Any CPU
		{CBAB0E3E-8DED-4C7A-924F-F7A9FA89AF2C}.AppStore|iPhone.ActiveCfg = Release|Any CPU
		{CBAB0E3E-8DED-4C7A-924F-F7A9FA89AF2C}.AppStore|iPhone.Build.0 = Release|Any CPU
		{CBAB0E3E-8DED-4C7A-924F-F7A9FA89AF2C}.AppStore|iPhoneSimulator.ActiveCfg = Release|Any CPU
		{CBAB0E3E-8DED-4C7A-924F-F7A9FA89AF2C}.AppStore|iPhoneSimulator.Build.0 = Release|Any CPU
		{CBAB0E3E-8DED-4C7A-924F-F7A9FA89AF2C}.AppStore|x64.ActiveCfg = Release|Any CPU
		{CBAB0E3E-8DED-4C7A-924F-F7A9FA89AF2C}.AppStore|x64.Build.0 = Release|Any CPU
		{CBAB0E3E-8DED-4C7A-924F-F7A9FA89AF2C}.AppStore|x86.ActiveCfg = Release|Any CPU
		{CBAB0E3E-8DED-4C7A-924F-F7A9FA89AF2C}.AppStore|x86.Build.0 = Release|Any CPU
		{CBAB0E3E-8DED-4C7A-924F-F7A9FA89AF2C}.Debug|Any CPU.ActiveCfg = Debug|Any CPU
		{CBAB0E3E-8DED-4C7A-924F-F7A9FA89AF2C}.Debug|Any CPU.Build.0 = Debug|Any CPU
		{CBAB0E3E-8DED-4C7A-924F-F7A9FA89AF2C}.Debug|ARM.ActiveCfg = Debug|Any CPU
		{CBAB0E3E-8DED-4C7A-924F-F7A9FA89AF2C}.Debug|ARM.Build.0 = Debug|Any CPU
		{CBAB0E3E-8DED-4C7A-924F-F7A9FA89AF2C}.Debug|iPhone.ActiveCfg = Debug|Any CPU
		{CBAB0E3E-8DED-4C7A-924F-F7A9FA89AF2C}.Debug|iPhone.Build.0 = Debug|Any CPU
		{CBAB0E3E-8DED-4C7A-924F-F7A9FA89AF2C}.Debug|iPhoneSimulator.ActiveCfg = Debug|Any CPU
		{CBAB0E3E-8DED-4C7A-924F-F7A9FA89AF2C}.Debug|iPhoneSimulator.Build.0 = Debug|Any CPU
		{CBAB0E3E-8DED-4C7A-924F-F7A9FA89AF2C}.Debug|x64.ActiveCfg = Debug|Any CPU
		{CBAB0E3E-8DED-4C7A-924F-F7A9FA89AF2C}.Debug|x64.Build.0 = Debug|Any CPU
		{CBAB0E3E-8DED-4C7A-924F-F7A9FA89AF2C}.Debug|x86.ActiveCfg = Debug|Any CPU
		{CBAB0E3E-8DED-4C7A-924F-F7A9FA89AF2C}.Debug|x86.Build.0 = Debug|Any CPU
		{CBAB0E3E-8DED-4C7A-924F-F7A9FA89AF2C}.Release|Any CPU.ActiveCfg = Release|Any CPU
		{CBAB0E3E-8DED-4C7A-924F-F7A9FA89AF2C}.Release|Any CPU.Build.0 = Release|Any CPU
		{CBAB0E3E-8DED-4C7A-924F-F7A9FA89AF2C}.Release|ARM.ActiveCfg = Release|Any CPU
		{CBAB0E3E-8DED-4C7A-924F-F7A9FA89AF2C}.Release|ARM.Build.0 = Release|Any CPU
		{CBAB0E3E-8DED-4C7A-924F-F7A9FA89AF2C}.Release|iPhone.ActiveCfg = Release|Any CPU
		{CBAB0E3E-8DED-4C7A-924F-F7A9FA89AF2C}.Release|iPhone.Build.0 = Release|Any CPU
		{CBAB0E3E-8DED-4C7A-924F-F7A9FA89AF2C}.Release|iPhoneSimulator.ActiveCfg = Release|Any CPU
		{CBAB0E3E-8DED-4C7A-924F-F7A9FA89AF2C}.Release|iPhoneSimulator.Build.0 = Release|Any CPU
		{CBAB0E3E-8DED-4C7A-924F-F7A9FA89AF2C}.Release|x64.ActiveCfg = Release|Any CPU
		{CBAB0E3E-8DED-4C7A-924F-F7A9FA89AF2C}.Release|x64.Build.0 = Release|Any CPU
		{CBAB0E3E-8DED-4C7A-924F-F7A9FA89AF2C}.Release|x86.ActiveCfg = Release|Any CPU
		{CBAB0E3E-8DED-4C7A-924F-F7A9FA89AF2C}.Release|x86.Build.0 = Release|Any CPU
		{B70D9668-1854-4A3F-8DA5-B4BA60812DC2}.Ad-Hoc|Any CPU.ActiveCfg = Release|Any CPU
		{B70D9668-1854-4A3F-8DA5-B4BA60812DC2}.Ad-Hoc|Any CPU.Build.0 = Release|Any CPU
		{B70D9668-1854-4A3F-8DA5-B4BA60812DC2}.Ad-Hoc|Any CPU.Deploy.0 = Release|Any CPU
		{B70D9668-1854-4A3F-8DA5-B4BA60812DC2}.Ad-Hoc|ARM.ActiveCfg = Release|Any CPU
		{B70D9668-1854-4A3F-8DA5-B4BA60812DC2}.Ad-Hoc|ARM.Build.0 = Release|Any CPU
		{B70D9668-1854-4A3F-8DA5-B4BA60812DC2}.Ad-Hoc|ARM.Deploy.0 = Release|Any CPU
		{B70D9668-1854-4A3F-8DA5-B4BA60812DC2}.Ad-Hoc|iPhone.ActiveCfg = Release|Any CPU
		{B70D9668-1854-4A3F-8DA5-B4BA60812DC2}.Ad-Hoc|iPhone.Build.0 = Release|Any CPU
		{B70D9668-1854-4A3F-8DA5-B4BA60812DC2}.Ad-Hoc|iPhone.Deploy.0 = Release|Any CPU
		{B70D9668-1854-4A3F-8DA5-B4BA60812DC2}.Ad-Hoc|iPhoneSimulator.ActiveCfg = Release|Any CPU
		{B70D9668-1854-4A3F-8DA5-B4BA60812DC2}.Ad-Hoc|iPhoneSimulator.Build.0 = Release|Any CPU
		{B70D9668-1854-4A3F-8DA5-B4BA60812DC2}.Ad-Hoc|iPhoneSimulator.Deploy.0 = Release|Any CPU
		{B70D9668-1854-4A3F-8DA5-B4BA60812DC2}.Ad-Hoc|x64.ActiveCfg = Release|Any CPU
		{B70D9668-1854-4A3F-8DA5-B4BA60812DC2}.Ad-Hoc|x64.Build.0 = Release|Any CPU
		{B70D9668-1854-4A3F-8DA5-B4BA60812DC2}.Ad-Hoc|x64.Deploy.0 = Release|Any CPU
		{B70D9668-1854-4A3F-8DA5-B4BA60812DC2}.Ad-Hoc|x86.ActiveCfg = Release|Any CPU
		{B70D9668-1854-4A3F-8DA5-B4BA60812DC2}.Ad-Hoc|x86.Build.0 = Release|Any CPU
		{B70D9668-1854-4A3F-8DA5-B4BA60812DC2}.Ad-Hoc|x86.Deploy.0 = Release|Any CPU
		{B70D9668-1854-4A3F-8DA5-B4BA60812DC2}.AppStore|Any CPU.ActiveCfg = Release|Any CPU
		{B70D9668-1854-4A3F-8DA5-B4BA60812DC2}.AppStore|Any CPU.Build.0 = Release|Any CPU
		{B70D9668-1854-4A3F-8DA5-B4BA60812DC2}.AppStore|Any CPU.Deploy.0 = Release|Any CPU
		{B70D9668-1854-4A3F-8DA5-B4BA60812DC2}.AppStore|ARM.ActiveCfg = Release|Any CPU
		{B70D9668-1854-4A3F-8DA5-B4BA60812DC2}.AppStore|ARM.Build.0 = Release|Any CPU
		{B70D9668-1854-4A3F-8DA5-B4BA60812DC2}.AppStore|ARM.Deploy.0 = Release|Any CPU
		{B70D9668-1854-4A3F-8DA5-B4BA60812DC2}.AppStore|iPhone.ActiveCfg = Release|Any CPU
		{B70D9668-1854-4A3F-8DA5-B4BA60812DC2}.AppStore|iPhone.Build.0 = Release|Any CPU
		{B70D9668-1854-4A3F-8DA5-B4BA60812DC2}.AppStore|iPhone.Deploy.0 = Release|Any CPU
		{B70D9668-1854-4A3F-8DA5-B4BA60812DC2}.AppStore|iPhoneSimulator.ActiveCfg = Release|Any CPU
		{B70D9668-1854-4A3F-8DA5-B4BA60812DC2}.AppStore|iPhoneSimulator.Build.0 = Release|Any CPU
		{B70D9668-1854-4A3F-8DA5-B4BA60812DC2}.AppStore|iPhoneSimulator.Deploy.0 = Release|Any CPU
		{B70D9668-1854-4A3F-8DA5-B4BA60812DC2}.AppStore|x64.ActiveCfg = Release|Any CPU
		{B70D9668-1854-4A3F-8DA5-B4BA60812DC2}.AppStore|x64.Build.0 = Release|Any CPU
		{B70D9668-1854-4A3F-8DA5-B4BA60812DC2}.AppStore|x64.Deploy.0 = Release|Any CPU
		{B70D9668-1854-4A3F-8DA5-B4BA60812DC2}.AppStore|x86.ActiveCfg = Release|Any CPU
		{B70D9668-1854-4A3F-8DA5-B4BA60812DC2}.AppStore|x86.Build.0 = Release|Any CPU
		{B70D9668-1854-4A3F-8DA5-B4BA60812DC2}.AppStore|x86.Deploy.0 = Release|Any CPU
		{B70D9668-1854-4A3F-8DA5-B4BA60812DC2}.Debug|Any CPU.ActiveCfg = Debug|Any CPU
		{B70D9668-1854-4A3F-8DA5-B4BA60812DC2}.Debug|Any CPU.Build.0 = Debug|Any CPU
		{B70D9668-1854-4A3F-8DA5-B4BA60812DC2}.Debug|Any CPU.Deploy.0 = Debug|Any CPU
		{B70D9668-1854-4A3F-8DA5-B4BA60812DC2}.Debug|ARM.ActiveCfg = Debug|Any CPU
		{B70D9668-1854-4A3F-8DA5-B4BA60812DC2}.Debug|ARM.Build.0 = Debug|Any CPU
		{B70D9668-1854-4A3F-8DA5-B4BA60812DC2}.Debug|ARM.Deploy.0 = Debug|Any CPU
		{B70D9668-1854-4A3F-8DA5-B4BA60812DC2}.Debug|iPhone.ActiveCfg = Debug|Any CPU
		{B70D9668-1854-4A3F-8DA5-B4BA60812DC2}.Debug|iPhone.Build.0 = Debug|Any CPU
		{B70D9668-1854-4A3F-8DA5-B4BA60812DC2}.Debug|iPhone.Deploy.0 = Debug|Any CPU
		{B70D9668-1854-4A3F-8DA5-B4BA60812DC2}.Debug|iPhoneSimulator.ActiveCfg = Debug|Any CPU
		{B70D9668-1854-4A3F-8DA5-B4BA60812DC2}.Debug|iPhoneSimulator.Build.0 = Debug|Any CPU
		{B70D9668-1854-4A3F-8DA5-B4BA60812DC2}.Debug|iPhoneSimulator.Deploy.0 = Debug|Any CPU
		{B70D9668-1854-4A3F-8DA5-B4BA60812DC2}.Debug|x64.ActiveCfg = Debug|Any CPU
		{B70D9668-1854-4A3F-8DA5-B4BA60812DC2}.Debug|x64.Build.0 = Debug|Any CPU
		{B70D9668-1854-4A3F-8DA5-B4BA60812DC2}.Debug|x64.Deploy.0 = Debug|Any CPU
		{B70D9668-1854-4A3F-8DA5-B4BA60812DC2}.Debug|x86.ActiveCfg = Debug|Any CPU
		{B70D9668-1854-4A3F-8DA5-B4BA60812DC2}.Debug|x86.Build.0 = Debug|Any CPU
		{B70D9668-1854-4A3F-8DA5-B4BA60812DC2}.Debug|x86.Deploy.0 = Debug|Any CPU
		{B70D9668-1854-4A3F-8DA5-B4BA60812DC2}.Release|Any CPU.ActiveCfg = Release|Any CPU
		{B70D9668-1854-4A3F-8DA5-B4BA60812DC2}.Release|Any CPU.Build.0 = Release|Any CPU
		{B70D9668-1854-4A3F-8DA5-B4BA60812DC2}.Release|Any CPU.Deploy.0 = Release|Any CPU
		{B70D9668-1854-4A3F-8DA5-B4BA60812DC2}.Release|ARM.ActiveCfg = Release|Any CPU
		{B70D9668-1854-4A3F-8DA5-B4BA60812DC2}.Release|ARM.Build.0 = Release|Any CPU
		{B70D9668-1854-4A3F-8DA5-B4BA60812DC2}.Release|ARM.Deploy.0 = Release|Any CPU
		{B70D9668-1854-4A3F-8DA5-B4BA60812DC2}.Release|iPhone.ActiveCfg = Release|Any CPU
		{B70D9668-1854-4A3F-8DA5-B4BA60812DC2}.Release|iPhone.Build.0 = Release|Any CPU
		{B70D9668-1854-4A3F-8DA5-B4BA60812DC2}.Release|iPhone.Deploy.0 = Release|Any CPU
		{B70D9668-1854-4A3F-8DA5-B4BA60812DC2}.Release|iPhoneSimulator.ActiveCfg = Release|Any CPU
		{B70D9668-1854-4A3F-8DA5-B4BA60812DC2}.Release|iPhoneSimulator.Build.0 = Release|Any CPU
		{B70D9668-1854-4A3F-8DA5-B4BA60812DC2}.Release|iPhoneSimulator.Deploy.0 = Release|Any CPU
		{B70D9668-1854-4A3F-8DA5-B4BA60812DC2}.Release|x64.ActiveCfg = Release|Any CPU
		{B70D9668-1854-4A3F-8DA5-B4BA60812DC2}.Release|x64.Build.0 = Release|Any CPU
		{B70D9668-1854-4A3F-8DA5-B4BA60812DC2}.Release|x64.Deploy.0 = Release|Any CPU
		{B70D9668-1854-4A3F-8DA5-B4BA60812DC2}.Release|x86.ActiveCfg = Release|Any CPU
		{B70D9668-1854-4A3F-8DA5-B4BA60812DC2}.Release|x86.Build.0 = Release|Any CPU
		{B70D9668-1854-4A3F-8DA5-B4BA60812DC2}.Release|x86.Deploy.0 = Release|Any CPU
		{C6A493CE-6A44-4FA0-A069-31EEAA131609}.Ad-Hoc|Any CPU.ActiveCfg = Ad-Hoc|iPhone
		{C6A493CE-6A44-4FA0-A069-31EEAA131609}.Ad-Hoc|ARM.ActiveCfg = Ad-Hoc|iPhone
		{C6A493CE-6A44-4FA0-A069-31EEAA131609}.Ad-Hoc|iPhone.ActiveCfg = Ad-Hoc|iPhone
		{C6A493CE-6A44-4FA0-A069-31EEAA131609}.Ad-Hoc|iPhone.Build.0 = Ad-Hoc|iPhone
		{C6A493CE-6A44-4FA0-A069-31EEAA131609}.Ad-Hoc|iPhoneSimulator.ActiveCfg = Ad-Hoc|iPhoneSimulator
		{C6A493CE-6A44-4FA0-A069-31EEAA131609}.Ad-Hoc|iPhoneSimulator.Build.0 = Ad-Hoc|iPhoneSimulator
		{C6A493CE-6A44-4FA0-A069-31EEAA131609}.Ad-Hoc|x64.ActiveCfg = Ad-Hoc|iPhone
		{C6A493CE-6A44-4FA0-A069-31EEAA131609}.Ad-Hoc|x86.ActiveCfg = Ad-Hoc|iPhone
		{C6A493CE-6A44-4FA0-A069-31EEAA131609}.AppStore|Any CPU.ActiveCfg = AppStore|iPhone
		{C6A493CE-6A44-4FA0-A069-31EEAA131609}.AppStore|ARM.ActiveCfg = AppStore|iPhone
		{C6A493CE-6A44-4FA0-A069-31EEAA131609}.AppStore|iPhone.ActiveCfg = AppStore|iPhone
		{C6A493CE-6A44-4FA0-A069-31EEAA131609}.AppStore|iPhone.Build.0 = AppStore|iPhone
		{C6A493CE-6A44-4FA0-A069-31EEAA131609}.AppStore|iPhoneSimulator.ActiveCfg = AppStore|iPhoneSimulator
		{C6A493CE-6A44-4FA0-A069-31EEAA131609}.AppStore|iPhoneSimulator.Build.0 = AppStore|iPhoneSimulator
		{C6A493CE-6A44-4FA0-A069-31EEAA131609}.AppStore|x64.ActiveCfg = AppStore|iPhone
		{C6A493CE-6A44-4FA0-A069-31EEAA131609}.AppStore|x86.ActiveCfg = AppStore|iPhone
		{C6A493CE-6A44-4FA0-A069-31EEAA131609}.Debug|Any CPU.ActiveCfg = Debug|iPhone
		{C6A493CE-6A44-4FA0-A069-31EEAA131609}.Debug|ARM.ActiveCfg = Debug|iPhone
		{C6A493CE-6A44-4FA0-A069-31EEAA131609}.Debug|iPhone.ActiveCfg = Debug|iPhone
		{C6A493CE-6A44-4FA0-A069-31EEAA131609}.Debug|iPhone.Build.0 = Debug|iPhone
		{C6A493CE-6A44-4FA0-A069-31EEAA131609}.Debug|iPhoneSimulator.ActiveCfg = Debug|iPhoneSimulator
		{C6A493CE-6A44-4FA0-A069-31EEAA131609}.Debug|iPhoneSimulator.Build.0 = Debug|iPhoneSimulator
		{C6A493CE-6A44-4FA0-A069-31EEAA131609}.Debug|x64.ActiveCfg = Debug|iPhone
		{C6A493CE-6A44-4FA0-A069-31EEAA131609}.Debug|x86.ActiveCfg = Debug|iPhone
		{C6A493CE-6A44-4FA0-A069-31EEAA131609}.Release|Any CPU.ActiveCfg = Release|iPhone
		{C6A493CE-6A44-4FA0-A069-31EEAA131609}.Release|ARM.ActiveCfg = Release|iPhone
		{C6A493CE-6A44-4FA0-A069-31EEAA131609}.Release|iPhone.ActiveCfg = Release|iPhone
		{C6A493CE-6A44-4FA0-A069-31EEAA131609}.Release|iPhone.Build.0 = Release|iPhone
		{C6A493CE-6A44-4FA0-A069-31EEAA131609}.Release|iPhoneSimulator.ActiveCfg = Release|iPhoneSimulator
		{C6A493CE-6A44-4FA0-A069-31EEAA131609}.Release|iPhoneSimulator.Build.0 = Release|iPhoneSimulator
		{C6A493CE-6A44-4FA0-A069-31EEAA131609}.Release|x64.ActiveCfg = Release|iPhone
		{C6A493CE-6A44-4FA0-A069-31EEAA131609}.Release|x86.ActiveCfg = Release|iPhone
		{078E01AB-1DC2-4BC5-A75C-CDA58404213F}.Ad-Hoc|Any CPU.ActiveCfg = Release|Any CPU
		{078E01AB-1DC2-4BC5-A75C-CDA58404213F}.Ad-Hoc|Any CPU.Build.0 = Release|Any CPU
		{078E01AB-1DC2-4BC5-A75C-CDA58404213F}.Ad-Hoc|Any CPU.Deploy.0 = Release|Any CPU
		{078E01AB-1DC2-4BC5-A75C-CDA58404213F}.Ad-Hoc|ARM.ActiveCfg = Release|ARM
		{078E01AB-1DC2-4BC5-A75C-CDA58404213F}.Ad-Hoc|ARM.Build.0 = Release|ARM
		{078E01AB-1DC2-4BC5-A75C-CDA58404213F}.Ad-Hoc|ARM.Deploy.0 = Release|ARM
		{078E01AB-1DC2-4BC5-A75C-CDA58404213F}.Ad-Hoc|iPhone.ActiveCfg = Release|Any CPU
		{078E01AB-1DC2-4BC5-A75C-CDA58404213F}.Ad-Hoc|iPhone.Build.0 = Release|Any CPU
		{078E01AB-1DC2-4BC5-A75C-CDA58404213F}.Ad-Hoc|iPhone.Deploy.0 = Release|Any CPU
		{078E01AB-1DC2-4BC5-A75C-CDA58404213F}.Ad-Hoc|iPhoneSimulator.ActiveCfg = Release|Any CPU
		{078E01AB-1DC2-4BC5-A75C-CDA58404213F}.Ad-Hoc|iPhoneSimulator.Build.0 = Release|Any CPU
		{078E01AB-1DC2-4BC5-A75C-CDA58404213F}.Ad-Hoc|iPhoneSimulator.Deploy.0 = Release|Any CPU
		{078E01AB-1DC2-4BC5-A75C-CDA58404213F}.Ad-Hoc|x64.ActiveCfg = Release|Any CPU
		{078E01AB-1DC2-4BC5-A75C-CDA58404213F}.Ad-Hoc|x64.Build.0 = Release|Any CPU
		{078E01AB-1DC2-4BC5-A75C-CDA58404213F}.Ad-Hoc|x64.Deploy.0 = Release|Any CPU
		{078E01AB-1DC2-4BC5-A75C-CDA58404213F}.Ad-Hoc|x86.ActiveCfg = Release|x86
		{078E01AB-1DC2-4BC5-A75C-CDA58404213F}.Ad-Hoc|x86.Build.0 = Release|x86
		{078E01AB-1DC2-4BC5-A75C-CDA58404213F}.Ad-Hoc|x86.Deploy.0 = Release|x86
		{078E01AB-1DC2-4BC5-A75C-CDA58404213F}.AppStore|Any CPU.ActiveCfg = Release|Any CPU
		{078E01AB-1DC2-4BC5-A75C-CDA58404213F}.AppStore|Any CPU.Build.0 = Release|Any CPU
		{078E01AB-1DC2-4BC5-A75C-CDA58404213F}.AppStore|Any CPU.Deploy.0 = Release|Any CPU
		{078E01AB-1DC2-4BC5-A75C-CDA58404213F}.AppStore|ARM.ActiveCfg = Release|ARM
		{078E01AB-1DC2-4BC5-A75C-CDA58404213F}.AppStore|ARM.Build.0 = Release|ARM
		{078E01AB-1DC2-4BC5-A75C-CDA58404213F}.AppStore|ARM.Deploy.0 = Release|ARM
		{078E01AB-1DC2-4BC5-A75C-CDA58404213F}.AppStore|iPhone.ActiveCfg = Release|Any CPU
		{078E01AB-1DC2-4BC5-A75C-CDA58404213F}.AppStore|iPhone.Build.0 = Release|Any CPU
		{078E01AB-1DC2-4BC5-A75C-CDA58404213F}.AppStore|iPhone.Deploy.0 = Release|Any CPU
		{078E01AB-1DC2-4BC5-A75C-CDA58404213F}.AppStore|iPhoneSimulator.ActiveCfg = Release|Any CPU
		{078E01AB-1DC2-4BC5-A75C-CDA58404213F}.AppStore|iPhoneSimulator.Build.0 = Release|Any CPU
		{078E01AB-1DC2-4BC5-A75C-CDA58404213F}.AppStore|iPhoneSimulator.Deploy.0 = Release|Any CPU
		{078E01AB-1DC2-4BC5-A75C-CDA58404213F}.AppStore|x64.ActiveCfg = Release|Any CPU
		{078E01AB-1DC2-4BC5-A75C-CDA58404213F}.AppStore|x64.Build.0 = Release|Any CPU
		{078E01AB-1DC2-4BC5-A75C-CDA58404213F}.AppStore|x64.Deploy.0 = Release|Any CPU
		{078E01AB-1DC2-4BC5-A75C-CDA58404213F}.AppStore|x86.ActiveCfg = Release|x86
		{078E01AB-1DC2-4BC5-A75C-CDA58404213F}.AppStore|x86.Build.0 = Release|x86
		{078E01AB-1DC2-4BC5-A75C-CDA58404213F}.AppStore|x86.Deploy.0 = Release|x86
		{078E01AB-1DC2-4BC5-A75C-CDA58404213F}.Debug|Any CPU.ActiveCfg = Debug|Any CPU
		{078E01AB-1DC2-4BC5-A75C-CDA58404213F}.Debug|Any CPU.Build.0 = Debug|Any CPU
		{078E01AB-1DC2-4BC5-A75C-CDA58404213F}.Debug|Any CPU.Deploy.0 = Debug|Any CPU
		{078E01AB-1DC2-4BC5-A75C-CDA58404213F}.Debug|ARM.ActiveCfg = Debug|ARM
		{078E01AB-1DC2-4BC5-A75C-CDA58404213F}.Debug|ARM.Build.0 = Debug|ARM
		{078E01AB-1DC2-4BC5-A75C-CDA58404213F}.Debug|ARM.Deploy.0 = Debug|ARM
		{078E01AB-1DC2-4BC5-A75C-CDA58404213F}.Debug|iPhone.ActiveCfg = Debug|Any CPU
		{078E01AB-1DC2-4BC5-A75C-CDA58404213F}.Debug|iPhone.Build.0 = Debug|Any CPU
		{078E01AB-1DC2-4BC5-A75C-CDA58404213F}.Debug|iPhone.Deploy.0 = Debug|Any CPU
		{078E01AB-1DC2-4BC5-A75C-CDA58404213F}.Debug|iPhoneSimulator.ActiveCfg = Debug|Any CPU
		{078E01AB-1DC2-4BC5-A75C-CDA58404213F}.Debug|iPhoneSimulator.Build.0 = Debug|Any CPU
		{078E01AB-1DC2-4BC5-A75C-CDA58404213F}.Debug|iPhoneSimulator.Deploy.0 = Debug|Any CPU
		{078E01AB-1DC2-4BC5-A75C-CDA58404213F}.Debug|x64.ActiveCfg = Debug|Any CPU
		{078E01AB-1DC2-4BC5-A75C-CDA58404213F}.Debug|x64.Build.0 = Debug|Any CPU
		{078E01AB-1DC2-4BC5-A75C-CDA58404213F}.Debug|x64.Deploy.0 = Debug|Any CPU
		{078E01AB-1DC2-4BC5-A75C-CDA58404213F}.Debug|x86.ActiveCfg = Debug|x86
		{078E01AB-1DC2-4BC5-A75C-CDA58404213F}.Debug|x86.Build.0 = Debug|x86
		{078E01AB-1DC2-4BC5-A75C-CDA58404213F}.Debug|x86.Deploy.0 = Debug|x86
		{078E01AB-1DC2-4BC5-A75C-CDA58404213F}.Release|Any CPU.ActiveCfg = Release|Any CPU
		{078E01AB-1DC2-4BC5-A75C-CDA58404213F}.Release|Any CPU.Build.0 = Release|Any CPU
		{078E01AB-1DC2-4BC5-A75C-CDA58404213F}.Release|Any CPU.Deploy.0 = Release|Any CPU
		{078E01AB-1DC2-4BC5-A75C-CDA58404213F}.Release|ARM.ActiveCfg = Release|ARM
		{078E01AB-1DC2-4BC5-A75C-CDA58404213F}.Release|ARM.Build.0 = Release|ARM
		{078E01AB-1DC2-4BC5-A75C-CDA58404213F}.Release|ARM.Deploy.0 = Release|ARM
		{078E01AB-1DC2-4BC5-A75C-CDA58404213F}.Release|iPhone.ActiveCfg = Release|Any CPU
		{078E01AB-1DC2-4BC5-A75C-CDA58404213F}.Release|iPhone.Build.0 = Release|Any CPU
		{078E01AB-1DC2-4BC5-A75C-CDA58404213F}.Release|iPhone.Deploy.0 = Release|Any CPU
		{078E01AB-1DC2-4BC5-A75C-CDA58404213F}.Release|iPhoneSimulator.ActiveCfg = Release|Any CPU
		{078E01AB-1DC2-4BC5-A75C-CDA58404213F}.Release|iPhoneSimulator.Build.0 = Release|Any CPU
		{078E01AB-1DC2-4BC5-A75C-CDA58404213F}.Release|iPhoneSimulator.Deploy.0 = Release|Any CPU
		{078E01AB-1DC2-4BC5-A75C-CDA58404213F}.Release|x64.ActiveCfg = Release|Any CPU
		{078E01AB-1DC2-4BC5-A75C-CDA58404213F}.Release|x64.Build.0 = Release|Any CPU
		{078E01AB-1DC2-4BC5-A75C-CDA58404213F}.Release|x64.Deploy.0 = Release|Any CPU
		{078E01AB-1DC2-4BC5-A75C-CDA58404213F}.Release|x86.ActiveCfg = Release|x86
		{078E01AB-1DC2-4BC5-A75C-CDA58404213F}.Release|x86.Build.0 = Release|x86
		{078E01AB-1DC2-4BC5-A75C-CDA58404213F}.Release|x86.Deploy.0 = Release|x86
		{BCA51E88-97B6-47B8-BFEB-644F1546E208}.Ad-Hoc|Any CPU.ActiveCfg = Release|x86
		{BCA51E88-97B6-47B8-BFEB-644F1546E208}.Ad-Hoc|Any CPU.Build.0 = Release|x86
		{BCA51E88-97B6-47B8-BFEB-644F1546E208}.Ad-Hoc|Any CPU.Deploy.0 = Release|x86
		{BCA51E88-97B6-47B8-BFEB-644F1546E208}.Ad-Hoc|ARM.ActiveCfg = Release|ARM
		{BCA51E88-97B6-47B8-BFEB-644F1546E208}.Ad-Hoc|ARM.Build.0 = Release|ARM
		{BCA51E88-97B6-47B8-BFEB-644F1546E208}.Ad-Hoc|ARM.Deploy.0 = Release|ARM
		{BCA51E88-97B6-47B8-BFEB-644F1546E208}.Ad-Hoc|iPhone.ActiveCfg = Release|x86
		{BCA51E88-97B6-47B8-BFEB-644F1546E208}.Ad-Hoc|iPhone.Build.0 = Release|x86
		{BCA51E88-97B6-47B8-BFEB-644F1546E208}.Ad-Hoc|iPhone.Deploy.0 = Release|x86
		{BCA51E88-97B6-47B8-BFEB-644F1546E208}.Ad-Hoc|iPhoneSimulator.ActiveCfg = Release|x86
		{BCA51E88-97B6-47B8-BFEB-644F1546E208}.Ad-Hoc|iPhoneSimulator.Build.0 = Release|x86
		{BCA51E88-97B6-47B8-BFEB-644F1546E208}.Ad-Hoc|iPhoneSimulator.Deploy.0 = Release|x86
		{BCA51E88-97B6-47B8-BFEB-644F1546E208}.Ad-Hoc|x64.ActiveCfg = Release|x64
		{BCA51E88-97B6-47B8-BFEB-644F1546E208}.Ad-Hoc|x64.Build.0 = Release|x64
		{BCA51E88-97B6-47B8-BFEB-644F1546E208}.Ad-Hoc|x64.Deploy.0 = Release|x64
		{BCA51E88-97B6-47B8-BFEB-644F1546E208}.Ad-Hoc|x86.ActiveCfg = Release|x86
		{BCA51E88-97B6-47B8-BFEB-644F1546E208}.Ad-Hoc|x86.Build.0 = Release|x86
		{BCA51E88-97B6-47B8-BFEB-644F1546E208}.Ad-Hoc|x86.Deploy.0 = Release|x86
		{BCA51E88-97B6-47B8-BFEB-644F1546E208}.AppStore|Any CPU.ActiveCfg = Release|x86
		{BCA51E88-97B6-47B8-BFEB-644F1546E208}.AppStore|Any CPU.Build.0 = Release|x86
		{BCA51E88-97B6-47B8-BFEB-644F1546E208}.AppStore|Any CPU.Deploy.0 = Release|x86
		{BCA51E88-97B6-47B8-BFEB-644F1546E208}.AppStore|ARM.ActiveCfg = Release|ARM
		{BCA51E88-97B6-47B8-BFEB-644F1546E208}.AppStore|ARM.Build.0 = Release|ARM
		{BCA51E88-97B6-47B8-BFEB-644F1546E208}.AppStore|ARM.Deploy.0 = Release|ARM
		{BCA51E88-97B6-47B8-BFEB-644F1546E208}.AppStore|iPhone.ActiveCfg = Release|x86
		{BCA51E88-97B6-47B8-BFEB-644F1546E208}.AppStore|iPhone.Build.0 = Release|x86
		{BCA51E88-97B6-47B8-BFEB-644F1546E208}.AppStore|iPhone.Deploy.0 = Release|x86
		{BCA51E88-97B6-47B8-BFEB-644F1546E208}.AppStore|iPhoneSimulator.ActiveCfg = Release|x86
		{BCA51E88-97B6-47B8-BFEB-644F1546E208}.AppStore|iPhoneSimulator.Build.0 = Release|x86
		{BCA51E88-97B6-47B8-BFEB-644F1546E208}.AppStore|iPhoneSimulator.Deploy.0 = Release|x86
		{BCA51E88-97B6-47B8-BFEB-644F1546E208}.AppStore|x64.ActiveCfg = Release|x64
		{BCA51E88-97B6-47B8-BFEB-644F1546E208}.AppStore|x64.Build.0 = Release|x64
		{BCA51E88-97B6-47B8-BFEB-644F1546E208}.AppStore|x64.Deploy.0 = Release|x64
		{BCA51E88-97B6-47B8-BFEB-644F1546E208}.AppStore|x86.ActiveCfg = Release|x86
		{BCA51E88-97B6-47B8-BFEB-644F1546E208}.AppStore|x86.Build.0 = Release|x86
		{BCA51E88-97B6-47B8-BFEB-644F1546E208}.AppStore|x86.Deploy.0 = Release|x86
		{BCA51E88-97B6-47B8-BFEB-644F1546E208}.Debug|Any CPU.ActiveCfg = Debug|x86
		{BCA51E88-97B6-47B8-BFEB-644F1546E208}.Debug|ARM.ActiveCfg = Debug|ARM
		{BCA51E88-97B6-47B8-BFEB-644F1546E208}.Debug|ARM.Build.0 = Debug|ARM
		{BCA51E88-97B6-47B8-BFEB-644F1546E208}.Debug|ARM.Deploy.0 = Debug|ARM
		{BCA51E88-97B6-47B8-BFEB-644F1546E208}.Debug|iPhone.ActiveCfg = Debug|x86
		{BCA51E88-97B6-47B8-BFEB-644F1546E208}.Debug|iPhoneSimulator.ActiveCfg = Debug|x86
		{BCA51E88-97B6-47B8-BFEB-644F1546E208}.Debug|x64.ActiveCfg = Debug|x64
		{BCA51E88-97B6-47B8-BFEB-644F1546E208}.Debug|x64.Build.0 = Debug|x64
		{BCA51E88-97B6-47B8-BFEB-644F1546E208}.Debug|x64.Deploy.0 = Debug|x64
		{BCA51E88-97B6-47B8-BFEB-644F1546E208}.Debug|x86.ActiveCfg = Debug|x86
		{BCA51E88-97B6-47B8-BFEB-644F1546E208}.Debug|x86.Build.0 = Debug|x86
		{BCA51E88-97B6-47B8-BFEB-644F1546E208}.Debug|x86.Deploy.0 = Debug|x86
		{BCA51E88-97B6-47B8-BFEB-644F1546E208}.Release|Any CPU.ActiveCfg = Release|x86
		{BCA51E88-97B6-47B8-BFEB-644F1546E208}.Release|ARM.ActiveCfg = Release|ARM
		{BCA51E88-97B6-47B8-BFEB-644F1546E208}.Release|ARM.Build.0 = Release|ARM
		{BCA51E88-97B6-47B8-BFEB-644F1546E208}.Release|ARM.Deploy.0 = Release|ARM
		{BCA51E88-97B6-47B8-BFEB-644F1546E208}.Release|iPhone.ActiveCfg = Release|x86
		{BCA51E88-97B6-47B8-BFEB-644F1546E208}.Release|iPhoneSimulator.ActiveCfg = Release|x86
		{BCA51E88-97B6-47B8-BFEB-644F1546E208}.Release|x64.ActiveCfg = Release|x64
		{BCA51E88-97B6-47B8-BFEB-644F1546E208}.Release|x64.Build.0 = Release|x64
		{BCA51E88-97B6-47B8-BFEB-644F1546E208}.Release|x64.Deploy.0 = Release|x64
		{BCA51E88-97B6-47B8-BFEB-644F1546E208}.Release|x86.ActiveCfg = Release|x86
		{BCA51E88-97B6-47B8-BFEB-644F1546E208}.Release|x86.Build.0 = Release|x86
		{BCA51E88-97B6-47B8-BFEB-644F1546E208}.Release|x86.Deploy.0 = Release|x86
		{37125EE8-62C5-49AE-8003-712782E18345}.Ad-Hoc|Any CPU.ActiveCfg = Release|Any CPU
		{37125EE8-62C5-49AE-8003-712782E18345}.Ad-Hoc|Any CPU.Build.0 = Release|Any CPU
		{37125EE8-62C5-49AE-8003-712782E18345}.Ad-Hoc|Any CPU.Deploy.0 = Release|Any CPU
		{37125EE8-62C5-49AE-8003-712782E18345}.Ad-Hoc|ARM.ActiveCfg = Release|ARM
		{37125EE8-62C5-49AE-8003-712782E18345}.Ad-Hoc|ARM.Build.0 = Release|ARM
		{37125EE8-62C5-49AE-8003-712782E18345}.Ad-Hoc|ARM.Deploy.0 = Release|ARM
		{37125EE8-62C5-49AE-8003-712782E18345}.Ad-Hoc|iPhone.ActiveCfg = Release|Any CPU
		{37125EE8-62C5-49AE-8003-712782E18345}.Ad-Hoc|iPhone.Build.0 = Release|Any CPU
		{37125EE8-62C5-49AE-8003-712782E18345}.Ad-Hoc|iPhone.Deploy.0 = Release|Any CPU
		{37125EE8-62C5-49AE-8003-712782E18345}.Ad-Hoc|iPhoneSimulator.ActiveCfg = Release|Any CPU
		{37125EE8-62C5-49AE-8003-712782E18345}.Ad-Hoc|iPhoneSimulator.Build.0 = Release|Any CPU
		{37125EE8-62C5-49AE-8003-712782E18345}.Ad-Hoc|iPhoneSimulator.Deploy.0 = Release|Any CPU
		{37125EE8-62C5-49AE-8003-712782E18345}.Ad-Hoc|x64.ActiveCfg = Release|x64
		{37125EE8-62C5-49AE-8003-712782E18345}.Ad-Hoc|x64.Build.0 = Release|x64
		{37125EE8-62C5-49AE-8003-712782E18345}.Ad-Hoc|x64.Deploy.0 = Release|x64
		{37125EE8-62C5-49AE-8003-712782E18345}.Ad-Hoc|x86.ActiveCfg = Release|x86
		{37125EE8-62C5-49AE-8003-712782E18345}.Ad-Hoc|x86.Build.0 = Release|x86
		{37125EE8-62C5-49AE-8003-712782E18345}.Ad-Hoc|x86.Deploy.0 = Release|x86
		{37125EE8-62C5-49AE-8003-712782E18345}.AppStore|Any CPU.ActiveCfg = Release|Any CPU
		{37125EE8-62C5-49AE-8003-712782E18345}.AppStore|Any CPU.Build.0 = Release|Any CPU
		{37125EE8-62C5-49AE-8003-712782E18345}.AppStore|Any CPU.Deploy.0 = Release|Any CPU
		{37125EE8-62C5-49AE-8003-712782E18345}.AppStore|ARM.ActiveCfg = Release|ARM
		{37125EE8-62C5-49AE-8003-712782E18345}.AppStore|ARM.Build.0 = Release|ARM
		{37125EE8-62C5-49AE-8003-712782E18345}.AppStore|ARM.Deploy.0 = Release|ARM
		{37125EE8-62C5-49AE-8003-712782E18345}.AppStore|iPhone.ActiveCfg = Release|Any CPU
		{37125EE8-62C5-49AE-8003-712782E18345}.AppStore|iPhone.Build.0 = Release|Any CPU
		{37125EE8-62C5-49AE-8003-712782E18345}.AppStore|iPhone.Deploy.0 = Release|Any CPU
		{37125EE8-62C5-49AE-8003-712782E18345}.AppStore|iPhoneSimulator.ActiveCfg = Release|Any CPU
		{37125EE8-62C5-49AE-8003-712782E18345}.AppStore|iPhoneSimulator.Build.0 = Release|Any CPU
		{37125EE8-62C5-49AE-8003-712782E18345}.AppStore|iPhoneSimulator.Deploy.0 = Release|Any CPU
		{37125EE8-62C5-49AE-8003-712782E18345}.AppStore|x64.ActiveCfg = Release|x64
		{37125EE8-62C5-49AE-8003-712782E18345}.AppStore|x64.Build.0 = Release|x64
		{37125EE8-62C5-49AE-8003-712782E18345}.AppStore|x64.Deploy.0 = Release|x64
		{37125EE8-62C5-49AE-8003-712782E18345}.AppStore|x86.ActiveCfg = Release|x86
		{37125EE8-62C5-49AE-8003-712782E18345}.AppStore|x86.Build.0 = Release|x86
		{37125EE8-62C5-49AE-8003-712782E18345}.AppStore|x86.Deploy.0 = Release|x86
		{37125EE8-62C5-49AE-8003-712782E18345}.Debug|Any CPU.ActiveCfg = Debug|Any CPU
		{37125EE8-62C5-49AE-8003-712782E18345}.Debug|Any CPU.Build.0 = Debug|Any CPU
		{37125EE8-62C5-49AE-8003-712782E18345}.Debug|Any CPU.Deploy.0 = Debug|Any CPU
		{37125EE8-62C5-49AE-8003-712782E18345}.Debug|ARM.ActiveCfg = Debug|ARM
		{37125EE8-62C5-49AE-8003-712782E18345}.Debug|ARM.Build.0 = Debug|ARM
		{37125EE8-62C5-49AE-8003-712782E18345}.Debug|ARM.Deploy.0 = Debug|ARM
		{37125EE8-62C5-49AE-8003-712782E18345}.Debug|iPhone.ActiveCfg = Debug|Any CPU
		{37125EE8-62C5-49AE-8003-712782E18345}.Debug|iPhone.Build.0 = Debug|Any CPU
		{37125EE8-62C5-49AE-8003-712782E18345}.Debug|iPhone.Deploy.0 = Debug|Any CPU
		{37125EE8-62C5-49AE-8003-712782E18345}.Debug|iPhoneSimulator.ActiveCfg = Debug|Any CPU
		{37125EE8-62C5-49AE-8003-712782E18345}.Debug|iPhoneSimulator.Build.0 = Debug|Any CPU
		{37125EE8-62C5-49AE-8003-712782E18345}.Debug|iPhoneSimulator.Deploy.0 = Debug|Any CPU
		{37125EE8-62C5-49AE-8003-712782E18345}.Debug|x64.ActiveCfg = Debug|x64
		{37125EE8-62C5-49AE-8003-712782E18345}.Debug|x64.Build.0 = Debug|x64
		{37125EE8-62C5-49AE-8003-712782E18345}.Debug|x64.Deploy.0 = Debug|x64
		{37125EE8-62C5-49AE-8003-712782E18345}.Debug|x86.ActiveCfg = Debug|x86
		{37125EE8-62C5-49AE-8003-712782E18345}.Debug|x86.Build.0 = Debug|x86
		{37125EE8-62C5-49AE-8003-712782E18345}.Debug|x86.Deploy.0 = Debug|x86
		{37125EE8-62C5-49AE-8003-712782E18345}.Release|Any CPU.ActiveCfg = Release|Any CPU
		{37125EE8-62C5-49AE-8003-712782E18345}.Release|Any CPU.Build.0 = Release|Any CPU
		{37125EE8-62C5-49AE-8003-712782E18345}.Release|Any CPU.Deploy.0 = Release|Any CPU
		{37125EE8-62C5-49AE-8003-712782E18345}.Release|ARM.ActiveCfg = Release|ARM
		{37125EE8-62C5-49AE-8003-712782E18345}.Release|ARM.Build.0 = Release|ARM
		{37125EE8-62C5-49AE-8003-712782E18345}.Release|ARM.Deploy.0 = Release|ARM
		{37125EE8-62C5-49AE-8003-712782E18345}.Release|iPhone.ActiveCfg = Release|Any CPU
		{37125EE8-62C5-49AE-8003-712782E18345}.Release|iPhone.Build.0 = Release|Any CPU
		{37125EE8-62C5-49AE-8003-712782E18345}.Release|iPhone.Deploy.0 = Release|Any CPU
		{37125EE8-62C5-49AE-8003-712782E18345}.Release|iPhoneSimulator.ActiveCfg = Release|Any CPU
		{37125EE8-62C5-49AE-8003-712782E18345}.Release|iPhoneSimulator.Build.0 = Release|Any CPU
		{37125EE8-62C5-49AE-8003-712782E18345}.Release|iPhoneSimulator.Deploy.0 = Release|Any CPU
		{37125EE8-62C5-49AE-8003-712782E18345}.Release|x64.ActiveCfg = Release|x64
		{37125EE8-62C5-49AE-8003-712782E18345}.Release|x64.Build.0 = Release|x64
		{37125EE8-62C5-49AE-8003-712782E18345}.Release|x64.Deploy.0 = Release|x64
		{37125EE8-62C5-49AE-8003-712782E18345}.Release|x86.ActiveCfg = Release|x86
		{37125EE8-62C5-49AE-8003-712782E18345}.Release|x86.Build.0 = Release|x86
		{37125EE8-62C5-49AE-8003-712782E18345}.Release|x86.Deploy.0 = Release|x86
	EndGlobalSection
	GlobalSection(SolutionProperties) = preSolution
		HideSolutionNode = FALSE
	EndGlobalSection
EndGlobal
